// !$*UTF8*$!
{
	archiveVersion = 1;
	classes = {
	};
	objectVersion = 46;
	objects = {

/* Begin PBXBuildFile section */
		C638C3201AE5F16400B85ADC /* AppDelegate.swift in Sources */ = {isa = PBXBuildFile; fileRef = C638C31F1AE5F16400B85ADC /* AppDelegate.swift */; };
		C638C3251AE5F16400B85ADC /* Main.storyboard in Resources */ = {isa = PBXBuildFile; fileRef = C638C3231AE5F16400B85ADC /* Main.storyboard */; };
		C638C3271AE5F16400B85ADC /* Images.xcassets in Resources */ = {isa = PBXBuildFile; fileRef = C638C3261AE5F16400B85ADC /* Images.xcassets */; };
		C638C32A1AE5F16400B85ADC /* LaunchScreen.xib in Resources */ = {isa = PBXBuildFile; fileRef = C638C3281AE5F16400B85ADC /* LaunchScreen.xib */; };
		C638C3361AE5F16400B85ADC /* IBDesignableBasicsTests.swift in Sources */ = {isa = PBXBuildFile; fileRef = C638C3351AE5F16400B85ADC /* IBDesignableBasicsTests.swift */; };
		C638C3401AE5F3E800B85ADC /* BorderedView.swift in Sources */ = {isa = PBXBuildFile; fileRef = C638C33F1AE5F3E800B85ADC /* BorderedView.swift */; };
		C6A0CE2C1AE755C4008F67C4 /* PaddedLabel.swift in Sources */ = {isa = PBXBuildFile; fileRef = C6A0CE2B1AE755C4008F67C4 /* PaddedLabel.swift */; };
		C6B330DA1AE9A56B0013053B /* ColoredBorderedView.swift in Sources */ = {isa = PBXBuildFile; fileRef = C6B330D91AE9A56B0013053B /* ColoredBorderedView.swift */; };
		C6B330DC1AE9A5810013053B /* SimpleColoredView.swift in Sources */ = {isa = PBXBuildFile; fileRef = C6B330DB1AE9A5810013053B /* SimpleColoredView.swift */; };
		C6B330E21AE9A5E10013053B /* InspectableExample.xib in Resources */ = {isa = PBXBuildFile; fileRef = C6B330E11AE9A5E10013053B /* InspectableExample.xib */; };
		C6B330E61AE9AB570013053B /* FIrstClassExample.storyboard in Resources */ = {isa = PBXBuildFile; fileRef = C6B330E51AE9AB570013053B /* FIrstClassExample.storyboard */; };
		C6C25F4E1AE8EE9E004431E1 /* BarGraph.swift in Sources */ = {isa = PBXBuildFile; fileRef = C6C25F4D1AE8EE9E004431E1 /* BarGraph.swift */; };
		C6C25F521AE8F050004431E1 /* BarGraphViewController.swift in Sources */ = {isa = PBXBuildFile; fileRef = C6C25F511AE8F050004431E1 /* BarGraphViewController.swift */; };
		C6C25F541AE8F14B004431E1 /* Graphing.storyboard in Resources */ = {isa = PBXBuildFile; fileRef = C6C25F531AE8F14B004431E1 /* Graphing.storyboard */; };
		C6C25F581AE9020C004431E1 /* Labels.storyboard in Resources */ = {isa = PBXBuildFile; fileRef = C6C25F571AE9020C004431E1 /* Labels.storyboard */; };
		C6F5F3CA1AE6C5230014728C /* StyledButton.swift in Sources */ = {isa = PBXBuildFile; fileRef = C6F5F3C91AE6C5230014728C /* StyledButton.swift */; };
/* End PBXBuildFile section */

/* Begin PBXContainerItemProxy section */
		C638C3301AE5F16400B85ADC /* PBXContainerItemProxy */ = {
			isa = PBXContainerItemProxy;
			containerPortal = C638C3121AE5F16400B85ADC /* Project object */;
			proxyType = 1;
			remoteGlobalIDString = C638C3191AE5F16400B85ADC;
			remoteInfo = IBDesignableBasics;
		};
/* End PBXContainerItemProxy section */

/* Begin PBXFileReference section */
		C638C31A1AE5F16400B85ADC /* IBDesignableBasics.app */ = {isa = PBXFileReference; explicitFileType = wrapper.application; includeInIndex = 0; path = IBDesignableBasics.app; sourceTree = BUILT_PRODUCTS_DIR; };
		C638C31E1AE5F16400B85ADC /* Info.plist */ = {isa = PBXFileReference; lastKnownFileType = text.plist.xml; path = Info.plist; sourceTree = "<group>"; };
		C638C31F1AE5F16400B85ADC /* AppDelegate.swift */ = {isa = PBXFileReference; lastKnownFileType = sourcecode.swift; path = AppDelegate.swift; sourceTree = "<group>"; };
		C638C3241AE5F16400B85ADC /* Base */ = {isa = PBXFileReference; lastKnownFileType = file.storyboard; name = Base; path = Base.lproj/Main.storyboard; sourceTree = "<group>"; };
		C638C3261AE5F16400B85ADC /* Images.xcassets */ = {isa = PBXFileReference; lastKnownFileType = folder.assetcatalog; path = Images.xcassets; sourceTree = "<group>"; };
		C638C3291AE5F16400B85ADC /* Base */ = {isa = PBXFileReference; lastKnownFileType = file.xib; name = Base; path = Base.lproj/LaunchScreen.xib; sourceTree = "<group>"; };
		C638C32F1AE5F16400B85ADC /* IBDesignableBasicsTests.xctest */ = {isa = PBXFileReference; explicitFileType = wrapper.cfbundle; includeInIndex = 0; path = IBDesignableBasicsTests.xctest; sourceTree = BUILT_PRODUCTS_DIR; };
		C638C3341AE5F16400B85ADC /* Info.plist */ = {isa = PBXFileReference; lastKnownFileType = text.plist.xml; path = Info.plist; sourceTree = "<group>"; };
		C638C3351AE5F16400B85ADC /* IBDesignableBasicsTests.swift */ = {isa = PBXFileReference; lastKnownFileType = sourcecode.swift; path = IBDesignableBasicsTests.swift; sourceTree = "<group>"; };
		C638C33F1AE5F3E800B85ADC /* BorderedView.swift */ = {isa = PBXFileReference; fileEncoding = 4; lastKnownFileType = sourcecode.swift; path = BorderedView.swift; sourceTree = "<group>"; };
		C6A0CE2B1AE755C4008F67C4 /* PaddedLabel.swift */ = {isa = PBXFileReference; fileEncoding = 4; lastKnownFileType = sourcecode.swift; path = PaddedLabel.swift; sourceTree = "<group>"; };
		C6B330D91AE9A56B0013053B /* ColoredBorderedView.swift */ = {isa = PBXFileReference; fileEncoding = 4; lastKnownFileType = sourcecode.swift; path = ColoredBorderedView.swift; sourceTree = "<group>"; };
		C6B330DB1AE9A5810013053B /* SimpleColoredView.swift */ = {isa = PBXFileReference; fileEncoding = 4; lastKnownFileType = sourcecode.swift; path = SimpleColoredView.swift; sourceTree = "<group>"; };
		C6B330E11AE9A5E10013053B /* InspectableExample.xib */ = {isa = PBXFileReference; fileEncoding = 4; lastKnownFileType = file.xib; path = InspectableExample.xib; sourceTree = "<group>"; };
		C6B330E51AE9AB570013053B /* FIrstClassExample.storyboard */ = {isa = PBXFileReference; fileEncoding = 4; lastKnownFileType = file.storyboard; path = FIrstClassExample.storyboard; sourceTree = "<group>"; };
		C6C25F4D1AE8EE9E004431E1 /* BarGraph.swift */ = {isa = PBXFileReference; fileEncoding = 4; lastKnownFileType = sourcecode.swift; path = BarGraph.swift; sourceTree = "<group>"; };
		C6C25F511AE8F050004431E1 /* BarGraphViewController.swift */ = {isa = PBXFileReference; fileEncoding = 4; lastKnownFileType = sourcecode.swift; path = BarGraphViewController.swift; sourceTree = "<group>"; };
		C6C25F531AE8F14B004431E1 /* Graphing.storyboard */ = {isa = PBXFileReference; fileEncoding = 4; lastKnownFileType = file.storyboard; path = Graphing.storyboard; sourceTree = "<group>"; };
		C6C25F571AE9020C004431E1 /* Labels.storyboard */ = {isa = PBXFileReference; fileEncoding = 4; lastKnownFileType = file.storyboard; path = Labels.storyboard; sourceTree = "<group>"; };
		C6F5F3C91AE6C5230014728C /* StyledButton.swift */ = {isa = PBXFileReference; fileEncoding = 4; lastKnownFileType = sourcecode.swift; path = StyledButton.swift; sourceTree = "<group>"; };
/* End PBXFileReference section */

/* Begin PBXFrameworksBuildPhase section */
		C638C3171AE5F16400B85ADC /* Frameworks */ = {
			isa = PBXFrameworksBuildPhase;
			buildActionMask = 2147483647;
			files = (
			);
			runOnlyForDeploymentPostprocessing = 0;
		};
		C638C32C1AE5F16400B85ADC /* Frameworks */ = {
			isa = PBXFrameworksBuildPhase;
			buildActionMask = 2147483647;
			files = (
			);
			runOnlyForDeploymentPostprocessing = 0;
		};
/* End PBXFrameworksBuildPhase section */

/* Begin PBXGroup section */
		C638C3111AE5F16400B85ADC = {
			isa = PBXGroup;
			children = (
				C638C31C1AE5F16400B85ADC /* IBDesignableBasics */,
				C638C3321AE5F16400B85ADC /* IBDesignableBasicsTests */,
				C638C31B1AE5F16400B85ADC /* Products */,
			);
			sourceTree = "<group>";
		};
		C638C31B1AE5F16400B85ADC /* Products */ = {
			isa = PBXGroup;
			children = (
				C638C31A1AE5F16400B85ADC /* IBDesignableBasics.app */,
				C638C32F1AE5F16400B85ADC /* IBDesignableBasicsTests.xctest */,
			);
			name = Products;
			sourceTree = "<group>";
		};
		C638C31C1AE5F16400B85ADC /* IBDesignableBasics */ = {
			isa = PBXGroup;
			children = (
				C6B330D81AE9A54E0013053B /* TO IMPLEMENT */,
				C6C25F501AE8EFEE004431E1 /* Base */,
				C6C25F4F1AE8EFDF004431E1 /* Views */,
				C638C31D1AE5F16400B85ADC /* Supporting Files */,
			);
			path = IBDesignableBasics;
			sourceTree = "<group>";
		};
		C638C31D1AE5F16400B85ADC /* Supporting Files */ = {
			isa = PBXGroup;
			children = (
				C638C31E1AE5F16400B85ADC /* Info.plist */,
			);
			name = "Supporting Files";
			sourceTree = "<group>";
		};
		C638C3321AE5F16400B85ADC /* IBDesignableBasicsTests */ = {
			isa = PBXGroup;
			children = (
				C638C3351AE5F16400B85ADC /* IBDesignableBasicsTests.swift */,
				C638C3331AE5F16400B85ADC /* Supporting Files */,
			);
			path = IBDesignableBasicsTests;
			sourceTree = "<group>";
		};
		C638C3331AE5F16400B85ADC /* Supporting Files */ = {
			isa = PBXGroup;
			children = (
				C638C3341AE5F16400B85ADC /* Info.plist */,
			);
			name = "Supporting Files";
			sourceTree = "<group>";
		};
		C6B330D81AE9A54E0013053B /* TO IMPLEMENT */ = {
			isa = PBXGroup;
			children = (
				C6B330DB1AE9A5810013053B /* SimpleColoredView.swift */,
				C6B330E51AE9AB570013053B /* FIrstClassExample.storyboard */,
				C6B330D91AE9A56B0013053B /* ColoredBorderedView.swift */,
				C6B330E11AE9A5E10013053B /* InspectableExample.xib */,
			);
			name = "TO IMPLEMENT";
			sourceTree = "<group>";
		};
		C6C25F4F1AE8EFDF004431E1 /* Views */ = {
			isa = PBXGroup;
			children = (
				C638C33F1AE5F3E800B85ADC /* BorderedView.swift */,
				C6F5F3C91AE6C5230014728C /* StyledButton.swift */,
				C6C25F561AE90200004431E1 /* PaddedLabels */,
				C6C25F551AE90076004431E1 /* Bar Graph Stuff */,
			);
			name = Views;
			sourceTree = "<group>";
		};
		C6C25F501AE8EFEE004431E1 /* Base */ = {
			isa = PBXGroup;
			children = (
				C638C31F1AE5F16400B85ADC /* AppDelegate.swift */,
				C638C3231AE5F16400B85ADC /* Main.storyboard */,
				C638C3261AE5F16400B85ADC /* Images.xcassets */,
				C638C3281AE5F16400B85ADC /* LaunchScreen.xib */,
			);
			name = Base;
			sourceTree = "<group>";
		};
		C6C25F551AE90076004431E1 /* Bar Graph Stuff */ = {
			isa = PBXGroup;
			children = (
				C6C25F4D1AE8EE9E004431E1 /* BarGraph.swift */,
				C6C25F511AE8F050004431E1 /* BarGraphViewController.swift */,
				C6C25F531AE8F14B004431E1 /* Graphing.storyboard */,
			);
			name = "Bar Graph Stuff";
			sourceTree = "<group>";
		};
		C6C25F561AE90200004431E1 /* PaddedLabels */ = {
			isa = PBXGroup;
			children = (
				C6A0CE2B1AE755C4008F67C4 /* PaddedLabel.swift */,
				C6C25F571AE9020C004431E1 /* Labels.storyboard */,
			);
			name = PaddedLabels;
			sourceTree = "<group>";
		};
/* End PBXGroup section */

/* Begin PBXNativeTarget section */
		C638C3191AE5F16400B85ADC /* IBDesignableBasics */ = {
			isa = PBXNativeTarget;
			buildConfigurationList = C638C3391AE5F16400B85ADC /* Build configuration list for PBXNativeTarget "IBDesignableBasics" */;
			buildPhases = (
				C638C3161AE5F16400B85ADC /* Sources */,
				C638C3171AE5F16400B85ADC /* Frameworks */,
				C638C3181AE5F16400B85ADC /* Resources */,
			);
			buildRules = (
			);
			dependencies = (
			);
			name = IBDesignableBasics;
			productName = IBDesignableBasics;
			productReference = C638C31A1AE5F16400B85ADC /* IBDesignableBasics.app */;
			productType = "com.apple.product-type.application";
		};
		C638C32E1AE5F16400B85ADC /* IBDesignableBasicsTests */ = {
			isa = PBXNativeTarget;
			buildConfigurationList = C638C33C1AE5F16400B85ADC /* Build configuration list for PBXNativeTarget "IBDesignableBasicsTests" */;
			buildPhases = (
				C638C32B1AE5F16400B85ADC /* Sources */,
				C638C32C1AE5F16400B85ADC /* Frameworks */,
				C638C32D1AE5F16400B85ADC /* Resources */,
			);
			buildRules = (
			);
			dependencies = (
				C638C3311AE5F16400B85ADC /* PBXTargetDependency */,
			);
			name = IBDesignableBasicsTests;
			productName = IBDesignableBasicsTests;
			productReference = C638C32F1AE5F16400B85ADC /* IBDesignableBasicsTests.xctest */;
			productType = "com.apple.product-type.bundle.unit-test";
		};
/* End PBXNativeTarget section */

/* Begin PBXProject section */
		C638C3121AE5F16400B85ADC /* Project object */ = {
			isa = PBXProject;
			attributes = {
				LastUpgradeCheck = 0630;
				ORGANIZATIONNAME = "Martin Nash";
				TargetAttributes = {
					C638C3191AE5F16400B85ADC = {
						CreatedOnToolsVersion = 6.3;
					};
					C638C32E1AE5F16400B85ADC = {
						CreatedOnToolsVersion = 6.3;
						TestTargetID = C638C3191AE5F16400B85ADC;
					};
				};
			};
			buildConfigurationList = C638C3151AE5F16400B85ADC /* Build configuration list for PBXProject "IBDesignableBasics" */;
			compatibilityVersion = "Xcode 3.2";
			developmentRegion = English;
			hasScannedForEncodings = 0;
			knownRegions = (
				en,
				Base,
			);
			mainGroup = C638C3111AE5F16400B85ADC;
			productRefGroup = C638C31B1AE5F16400B85ADC /* Products */;
			projectDirPath = "";
			projectRoot = "";
			targets = (
				C638C3191AE5F16400B85ADC /* IBDesignableBasics */,
				C638C32E1AE5F16400B85ADC /* IBDesignableBasicsTests */,
			);
		};
/* End PBXProject section */

/* Begin PBXResourcesBuildPhase section */
		C638C3181AE5F16400B85ADC /* Resources */ = {
			isa = PBXResourcesBuildPhase;
			buildActionMask = 2147483647;
			files = (
				C638C3251AE5F16400B85ADC /* Main.storyboard in Resources */,
				C638C32A1AE5F16400B85ADC /* LaunchScreen.xib in Resources */,
				C6C25F541AE8F14B004431E1 /* Graphing.storyboard in Resources */,
				C638C3271AE5F16400B85ADC /* Images.xcassets in Resources */,
				C6B330E21AE9A5E10013053B /* InspectableExample.xib in Resources */,
				C6B330E61AE9AB570013053B /* FIrstClassExample.storyboard in Resources */,
				C6C25F581AE9020C004431E1 /* Labels.storyboard in Resources */,
			);
			runOnlyForDeploymentPostprocessing = 0;
		};
		C638C32D1AE5F16400B85ADC /* Resources */ = {
			isa = PBXResourcesBuildPhase;
			buildActionMask = 2147483647;
			files = (
			);
			runOnlyForDeploymentPostprocessing = 0;
		};
/* End PBXResourcesBuildPhase section */

/* Begin PBXSourcesBuildPhase section */
		C638C3161AE5F16400B85ADC /* Sources */ = {
			isa = PBXSourcesBuildPhase;
			buildActionMask = 2147483647;
			files = (
				C6B330DA1AE9A56B0013053B /* ColoredBorderedView.swift in Sources */,
				C6A0CE2C1AE755C4008F67C4 /* PaddedLabel.swift in Sources */,
				C638C3201AE5F16400B85ADC /* AppDelegate.swift in Sources */,
				C6C25F521AE8F050004431E1 /* BarGraphViewController.swift in Sources */,
				C6F5F3CA1AE6C5230014728C /* StyledButton.swift in Sources */,
				C638C3401AE5F3E800B85ADC /* BorderedView.swift in Sources */,
				C6C25F4E1AE8EE9E004431E1 /* BarGraph.swift in Sources */,
				C6B330DC1AE9A5810013053B /* SimpleColoredView.swift in Sources */,
			);
			runOnlyForDeploymentPostprocessing = 0;
		};
		C638C32B1AE5F16400B85ADC /* Sources */ = {
			isa = PBXSourcesBuildPhase;
			buildActionMask = 2147483647;
			files = (
				C638C3361AE5F16400B85ADC /* IBDesignableBasicsTests.swift in Sources */,
			);
			runOnlyForDeploymentPostprocessing = 0;
		};
/* End PBXSourcesBuildPhase section */

/* Begin PBXTargetDependency section */
		C638C3311AE5F16400B85ADC /* PBXTargetDependency */ = {
			isa = PBXTargetDependency;
			target = C638C3191AE5F16400B85ADC /* IBDesignableBasics */;
			targetProxy = C638C3301AE5F16400B85ADC /* PBXContainerItemProxy */;
		};
/* End PBXTargetDependency section */

/* Begin PBXVariantGroup section */
		C638C3231AE5F16400B85ADC /* Main.storyboard */ = {
			isa = PBXVariantGroup;
			children = (
				C638C3241AE5F16400B85ADC /* Base */,
			);
			name = Main.storyboard;
			sourceTree = "<group>";
		};
		C638C3281AE5F16400B85ADC /* LaunchScreen.xib */ = {
			isa = PBXVariantGroup;
			children = (
				C638C3291AE5F16400B85ADC /* Base */,
			);
			name = LaunchScreen.xib;
			sourceTree = "<group>";
		};
/* End PBXVariantGroup section */

/* Begin XCBuildConfiguration section */
		C638C3371AE5F16400B85ADC /* Debug */ = {
			isa = XCBuildConfiguration;
			buildSettings = {
				ALWAYS_SEARCH_USER_PATHS = NO;
				CLANG_CXX_LANGUAGE_STANDARD = "gnu++0x";
				CLANG_CXX_LIBRARY = "libc++";
				CLANG_ENABLE_MODULES = YES;
				CLANG_ENABLE_OBJC_ARC = YES;
				CLANG_WARN_BOOL_CONVERSION = YES;
				CLANG_WARN_CONSTANT_CONVERSION = YES;
				CLANG_WARN_DIRECT_OBJC_ISA_USAGE = YES_ERROR;
				CLANG_WARN_EMPTY_BODY = YES;
				CLANG_WARN_ENUM_CONVERSION = YES;
				CLANG_WARN_INT_CONVERSION = YES;
				CLANG_WARN_OBJC_ROOT_CLASS = YES_ERROR;
				CLANG_WARN_UNREACHABLE_CODE = YES;
				CLANG_WARN__DUPLICATE_METHOD_MATCH = YES;
				"CODE_SIGN_IDENTITY[sdk=iphoneos*]" = "iPhone Developer";
				COPY_PHASE_STRIP = NO;
				DEBUG_INFORMATION_FORMAT = "dwarf-with-dsym";
				ENABLE_STRICT_OBJC_MSGSEND = YES;
				GCC_C_LANGUAGE_STANDARD = gnu99;
				GCC_DYNAMIC_NO_PIC = NO;
				GCC_NO_COMMON_BLOCKS = YES;
				GCC_OPTIMIZATION_LEVEL = 0;
				GCC_PREPROCESSOR_DEFINITIONS = (
					"DEBUG=1",
					"$(inherited)",
				);
				GCC_SYMBOLS_PRIVATE_EXTERN = NO;
				GCC_WARN_64_TO_32_BIT_CONVERSION = YES;
				GCC_WARN_ABOUT_RETURN_TYPE = YES_ERROR;
				GCC_WARN_UNDECLARED_SELECTOR = YES;
				GCC_WARN_UNINITIALIZED_AUTOS = YES_AGGRESSIVE;
				GCC_WARN_UNUSED_FUNCTION = YES;
				GCC_WARN_UNUSED_VARIABLE = YES;
				IPHONEOS_DEPLOYMENT_TARGET = 8.3;
				MTL_ENABLE_DEBUG_INFO = YES;
				ONLY_ACTIVE_ARCH = YES;
				SDKROOT = iphoneos;
				SWIFT_OPTIMIZATION_LEVEL = "-Onone";
			};
			name = Debug;
		};
		C638C3381AE5F16400B85ADC /* Release */ = {
			isa = XCBuildConfiguration;
			buildSettings = {
				ALWAYS_SEARCH_USER_PATHS = NO;
				CLANG_CXX_LANGUAGE_STANDARD = "gnu++0x";
				CLANG_CXX_LIBRARY = "libc++";
				CLANG_ENABLE_MODULES = YES;
				CLANG_ENABLE_OBJC_ARC = YES;
				CLANG_WARN_BOOL_CONVERSION = YES;
				CLANG_WARN_CONSTANT_CONVERSION = YES;
				CLANG_WARN_DIRECT_OBJC_ISA_USAGE = YES_ERROR;
				CLANG_WARN_EMPTY_BODY = YES;
				CLANG_WARN_ENUM_CONVERSION = YES;
				CLANG_WARN_INT_CONVERSION = YES;
				CLANG_WARN_OBJC_ROOT_CLASS = YES_ERROR;
				CLANG_WARN_UNREACHABLE_CODE = YES;
				CLANG_WARN__DUPLICATE_METHOD_MATCH = YES;
				"CODE_SIGN_IDENTITY[sdk=iphoneos*]" = "iPhone Developer";
				COPY_PHASE_STRIP = NO;
				DEBUG_INFORMATION_FORMAT = "dwarf-with-dsym";
				ENABLE_NS_ASSERTIONS = NO;
				ENABLE_STRICT_OBJC_MSGSEND = YES;
				GCC_C_LANGUAGE_STANDARD = gnu99;
				GCC_NO_COMMON_BLOCKS = YES;
				GCC_WARN_64_TO_32_BIT_CONVERSION = YES;
				GCC_WARN_ABOUT_RETURN_TYPE = YES_ERROR;
				GCC_WARN_UNDECLARED_SELECTOR = YES;
				GCC_WARN_UNINITIALIZED_AUTOS = YES_AGGRESSIVE;
				GCC_WARN_UNUSED_FUNCTION = YES;
				GCC_WARN_UNUSED_VARIABLE = YES;
				IPHONEOS_DEPLOYMENT_TARGET = 8.3;
				MTL_ENABLE_DEBUG_INFO = NO;
				SDKROOT = iphoneos;
				VALIDATE_PRODUCT = YES;
			};
			name = Release;
		};
		C638C33A1AE5F16400B85ADC /* Debug */ = {
			isa = XCBuildConfiguration;
			buildSettings = {
				ASSETCATALOG_COMPILER_APPICON_NAME = AppIcon;
				INFOPLIST_FILE = IBDesignableBasics/Info.plist;
				LD_RUNPATH_SEARCH_PATHS = "$(inherited) @executable_path/Frameworks";
				PRODUCT_NAME = "$(TARGET_NAME)";
			};
			name = Debug;
		};
		C638C33B1AE5F16400B85ADC /* Release */ = {
			isa = XCBuildConfiguration;
			buildSettings = {
				ASSETCATALOG_COMPILER_APPICON_NAME = AppIcon;
				INFOPLIST_FILE = IBDesignableBasics/Info.plist;
				LD_RUNPATH_SEARCH_PATHS = "$(inherited) @executable_path/Frameworks";
				PRODUCT_NAME = "$(TARGET_NAME)";
			};
			name = Release;
		};
		C638C33D1AE5F16400B85ADC /* Debug */ = {
			isa = XCBuildConfiguration;
			buildSettings = {
				BUNDLE_LOADER = "$(TEST_HOST)";
				FRAMEWORK_SEARCH_PATHS = (
					"$(SDKROOT)/Developer/Library/Frameworks",
					"$(inherited)",
				);
				GCC_PREPROCESSOR_DEFINITIONS = (
					"DEBUG=1",
					"$(inherited)",
				);
				INFOPLIST_FILE = IBDesignableBasicsTests/Info.plist;
				LD_RUNPATH_SEARCH_PATHS = "$(inherited) @executable_path/Frameworks @loader_path/Frameworks";
				PRODUCT_NAME = "$(TARGET_NAME)";
				TEST_HOST = "$(BUILT_PRODUCTS_DIR)/IBDesignableBasics.app/IBDesignableBasics";
			};
			name = Debug;
		};
		C638C33E1AE5F16400B85ADC /* Release */ = {
			isa = XCBuildConfiguration;
			buildSettings = {
				BUNDLE_LOADER = "$(TEST_HOST)";
				FRAMEWORK_SEARCH_PATHS = (
					"$(SDKROOT)/Developer/Library/Frameworks",
					"$(inherited)",
				);
				INFOPLIST_FILE = IBDesignableBasicsTests/Info.plist;
				LD_RUNPATH_SEARCH_PATHS = "$(inherited) @executable_path/Frameworks @loader_path/Frameworks";
				PRODUCT_NAME = "$(TARGET_NAME)";
				TEST_HOST = "$(BUILT_PRODUCTS_DIR)/IBDesignableBasics.app/IBDesignableBasics";
			};
			name = Release;
		};
/* End XCBuildConfiguration section */

/* Begin XCConfigurationList section */
		C638C3151AE5F16400B85ADC /* Build configuration list for PBXProject "IBDesignableBasics" */ = {
			isa = XCConfigurationList;
			buildConfigurations = (
				C638C3371AE5F16400B85ADC /* Debug */,
				C638C3381AE5F16400B85ADC /* Release */,
			);
			defaultConfigurationIsVisible = 0;
			defaultConfigurationName = Release;
		};
		C638C3391AE5F16400B85ADC /* Build configuration list for PBXNativeTarget "IBDesignableBasics" */ = {
			isa = XCConfigurationList;
			buildConfigurations = (
				C638C33A1AE5F16400B85ADC /* Debug */,
				C638C33B1AE5F16400B85ADC /* Release */,
			);
			defaultConfigurationIsVisible = 0;
			defaultConfigurationName = Release;
		};
		C638C33C1AE5F16400B85ADC /* Build configuration list for PBXNativeTarget "IBDesignableBasicsTests" */ = {
			isa = XCConfigurationList;
			buildConfigurations = (
				C638C33D1AE5F16400B85ADC /* Debug */,
				C638C33E1AE5F16400B85ADC /* Release */,
			);
			defaultConfigurationIsVisible = 0;
			defaultConfigurationName = Release;
		};
/* End XCConfigurationList section */
	};
	rootObject = C638C3121AE5F16400B85ADC /* Project object */;
}
